
Microsoft Visual Studio Solution File, Format Version 12.00
# Visual Studio Version 17
VisualStudioVersion = 17.9.34728.123
MinimumVisualStudioVersion = 10.0.40219.1
Project("{FAE04EC0-301F-11D3-BF4B-00C04F79EFBC}") = "RandomDogPicture", "RandomDogPicture\RandomDogPicture.csproj", "{CBD88802-EC2E-42C5-A472-A7198143B3E4}"
EndProject
Global
	GlobalSection(SolutionConfigurationPlatforms) = preSolution
		Debug|Any CPU = Debug|Any CPU
		Release|Any CPU = Release|Any CPU
	EndGlobalSection
	GlobalSection(ProjectConfigurationPlatforms) = postSolution
		{CBD88802-EC2E-42C5-A472-A7198143B3E4}.Debug|Any CPU.ActiveCfg = Debug|Any CPU
		{CBD88802-EC2E-42C5-A472-A7198143B3E4}.Debug|Any CPU.Build.0 = Debug|Any CPU
		{CBD88802-EC2E-42C5-A472-A7198143B3E4}.Release|Any CPU.ActiveCfg = Release|Any CPU
		{CBD88802-EC2E-42C5-A472-A7198143B3E4}.Release|Any CPU.Build.0 = Release|Any CPU
	EndGlobalSection
	GlobalSection(SolutionProperties) = preSolution
		HideSolutionNode = FALSE
	EndGlobalSection
	GlobalSection(ExtensibilityGlobals) = postSolution
		SolutionGuid = {0D9CAA47-F3DB-4096-823D-8AA12FF3E8F9}
	EndGlobalSection
EndGlobal
